
Microsoft Visual Studio Solution File, Format Version 12.00
# Visual Studio Version 16
VisualStudioVersion = 16.0.29102.190
MinimumVisualStudioVersion = 10.0.40219.1
Project("{FAE04EC0-301F-11D3-BF4B-00C04F79EFBC}") = "Project 2 - Calculator", "Project 2 - Calculator\Project 2 - Calculator.csproj", "{9FFB727F-9F4C-4679-BBCB-222C0DA17780}"
EndProject
Global
	GlobalSection(SolutionConfigurationPlatforms) = preSolution
		Debug|Any CPU = Debug|Any CPU
		Release|Any CPU = Release|Any CPU
	EndGlobalSection
	GlobalSection(ProjectConfigurationPlatforms) = postSolution
		{9FFB727F-9F4C-4679-BBCB-222C0DA17780}.Debug|Any CPU.ActiveCfg = Debug|Any CPU
		{9FFB727F-9F4C-4679-BBCB-222C0DA17780}.Debug|Any CPU.Build.0 = Debug|Any CPU
		{9FFB727F-9F4C-4679-BBCB-222C0DA17780}.Release|Any CPU.ActiveCfg = Release|Any CPU
		{9FFB727F-9F4C-4679-BBCB-222C0DA17780}.Release|Any CPU.Build.0 = Release|Any CPU
	EndGlobalSection
	GlobalSection(SolutionProperties) = preSolution
		HideSolutionNode = FALSE
	EndGlobalSection
	GlobalSection(ExtensibilityGlobals) = postSolution
		SolutionGuid = {1AB04ED8-36AE-4CCD-BE65-10170A67CF59}
	EndGlobalSection
EndGlobal
